
Microsoft Visual Studio Solution File, Format Version 12.00
# Visual Studio Version 16
VisualStudioVersion = 25.0.1706.6
MinimumVisualStudioVersion = 10.0.40219.1
Project("{FAE04EC0-301F-11D3-BF4B-00C04F79EFBC}") = "freight.control.maui", "freight.control.maui\freight.control.maui.csproj", "{15687626-2468-4B49-B8B5-F034392697A3}"
EndProject
Global
	GlobalSection(SolutionConfigurationPlatforms) = preSolution
		Debug|Any CPU = Debug|Any CPU
		Release|Any CPU = Release|Any CPU
	EndGlobalSection
	GlobalSection(ProjectConfigurationPlatforms) = postSolution
		{15687626-2468-4B49-B8B5-F034392697A3}.Debug|Any CPU.ActiveCfg = Debug|Any CPU
		{15687626-2468-4B49-B8B5-F034392697A3}.Debug|Any CPU.Build.0 = Debug|Any CPU
		{15687626-2468-4B49-B8B5-F034392697A3}.Release|Any CPU.ActiveCfg = Release|Any CPU
		{15687626-2468-4B49-B8B5-F034392697A3}.Release|Any CPU.Build.0 = Release|Any CPU
	EndGlobalSection
	GlobalSection(SolutionProperties) = preSolution
		HideSolutionNode = FALSE
	EndGlobalSection
	GlobalSection(ExtensibilityGlobals) = postSolution
		SolutionGuid = {DB918996-5CE6-4313-AB64-69F2B2F3B0FA}
	EndGlobalSection
EndGlobal
